
Microsoft Visual Studio Solution File, Format Version 12.00
# Visual Studio Version 16
VisualStudioVersion = 16.0.30204.135
MinimumVisualStudioVersion = 10.0.40219.1
Project("{FAE04EC0-301F-11D3-BF4B-00C04F79EFBC}") = "InterfacesShapes", "InterfacesShapes\InterfacesShapes.csproj", "{6A76BF03-5EB7-4790-A08C-5561A4C3D52E}"
EndProject
Global
	GlobalSection(SolutionConfigurationPlatforms) = preSolution
		Debug|Any CPU = Debug|Any CPU
		Release|Any CPU = Release|Any CPU
	EndGlobalSection
	GlobalSection(ProjectConfigurationPlatforms) = postSolution
		{6A76BF03-5EB7-4790-A08C-5561A4C3D52E}.Debug|Any CPU.ActiveCfg = Debug|Any CPU
		{6A76BF03-5EB7-4790-A08C-5561A4C3D52E}.Debug|Any CPU.Build.0 = Debug|Any CPU
		{6A76BF03-5EB7-4790-A08C-5561A4C3D52E}.Release|Any CPU.ActiveCfg = Release|Any CPU
		{6A76BF03-5EB7-4790-A08C-5561A4C3D52E}.Release|Any CPU.Build.0 = Release|Any CPU
	EndGlobalSection
	GlobalSection(SolutionProperties) = preSolution
		HideSolutionNode = FALSE
	EndGlobalSection
	GlobalSection(ExtensibilityGlobals) = postSolution
		SolutionGuid = {5946209C-6D27-4B54-8587-0802B699640E}
	EndGlobalSection
EndGlobal
